
Microsoft Visual Studio Solution File, Format Version 12.00
# Visual Studio Version 16
VisualStudioVersion = 16.0.29613.14
MinimumVisualStudioVersion = 10.0.40219.1
Project("{9A19103F-16F7-4668-BE54-9A1E7A4F7556}") = "pipelines-dotnet-core", "pipelines-dotnet-core.csproj", "{457732C8-F536-4383-9DCB-AE29482D8B06}"
EndProject
Global
	GlobalSection(SolutionConfigurationPlatforms) = preSolution
		Debug|Any CPU = Debug|Any CPU
		Release|Any CPU = Release|Any CPU
	EndGlobalSection
	GlobalSection(ProjectConfigurationPlatforms) = postSolution
		{457732C8-F536-4383-9DCB-AE29482D8B06}.Debug|Any CPU.ActiveCfg = Debug|Any CPU
		{457732C8-F536-4383-9DCB-AE29482D8B06}.Debug|Any CPU.Build.0 = Debug|Any CPU
		{457732C8-F536-4383-9DCB-AE29482D8B06}.Release|Any CPU.ActiveCfg = Release|Any CPU
		{457732C8-F536-4383-9DCB-AE29482D8B06}.Release|Any CPU.Build.0 = Release|Any CPU
	EndGlobalSection
	GlobalSection(SolutionProperties) = preSolution
		HideSolutionNode = FALSE
	EndGlobalSection
	GlobalSection(ExtensibilityGlobals) = postSolution
		SolutionGuid = {FA2C4A80-F6AF-4823-A83C-BE6DC3331C98}
	EndGlobalSection
EndGlobal
